// !$*UTF8*$!
{
	archiveVersion = 1;
	classes = {
	};
	objectVersion = 46;
	objects = {

/* Begin PBXBuildFile section */
		358C65E5E56147298E8A4AF5 /* libPods.a in Frameworks */ = {isa = PBXBuildFile; fileRef = 6FEFE9692A1D43CB83A38923 /* libPods.a */; };
		D660D1CF1951416B00F8F9DB /* ReorderedCollectionViewLayout.m in Sources */ = {isa = PBXBuildFile; fileRef = D660D1CE1951416B00F8F9DB /* ReorderedCollectionViewLayout.m */; };
		D660D1D21951589B00F8F9DB /* Cell.m in Sources */ = {isa = PBXBuildFile; fileRef = D660D1D11951589B00F8F9DB /* Cell.m */; };
		D6808A13195135800031A28C /* Foundation.framework in Frameworks */ = {isa = PBXBuildFile; fileRef = D6808A12195135800031A28C /* Foundation.framework */; };
		D6808A15195135800031A28C /* CoreGraphics.framework in Frameworks */ = {isa = PBXBuildFile; fileRef = D6808A14195135800031A28C /* CoreGraphics.framework */; };
		D6808A17195135800031A28C /* UIKit.framework in Frameworks */ = {isa = PBXBuildFile; fileRef = D6808A16195135800031A28C /* UIKit.framework */; };
		D6808A1D195135800031A28C /* InfoPlist.strings in Resources */ = {isa = PBXBuildFile; fileRef = D6808A1B195135800031A28C /* InfoPlist.strings */; };
		D6808A1F195135800031A28C /* main.m in Sources */ = {isa = PBXBuildFile; fileRef = D6808A1E195135800031A28C /* main.m */; };
		D6808A23195135800031A28C /* AppDelegate.m in Sources */ = {isa = PBXBuildFile; fileRef = D6808A22195135800031A28C /* AppDelegate.m */; };
		D6808A25195135800031A28C /* Images.xcassets in Resources */ = {isa = PBXBuildFile; fileRef = D6808A24195135800031A28C /* Images.xcassets */; };
		D6808A2C195135800031A28C /* XCTest.framework in Frameworks */ = {isa = PBXBuildFile; fileRef = D6808A2B195135800031A28C /* XCTest.framework */; };
		D6808A2D195135800031A28C /* Foundation.framework in Frameworks */ = {isa = PBXBuildFile; fileRef = D6808A12195135800031A28C /* Foundation.framework */; };
		D6808A2E195135800031A28C /* UIKit.framework in Frameworks */ = {isa = PBXBuildFile; fileRef = D6808A16195135800031A28C /* UIKit.framework */; };
		D6808A36195135800031A28C /* InfoPlist.strings in Resources */ = {isa = PBXBuildFile; fileRef = D6808A34195135800031A28C /* InfoPlist.strings */; };
		D6808A38195135800031A28C /* PSTCollectionViewSampleTests.m in Sources */ = {isa = PBXBuildFile; fileRef = D6808A37195135800031A28C /* PSTCollectionViewSampleTests.m */; };
		D6808A43195136030031A28C /* ViewController.m in Sources */ = {isa = PBXBuildFile; fileRef = D6808A42195136030031A28C /* ViewController.m */; };
/* End PBXBuildFile section */

/* Begin PBXContainerItemProxy section */
		D6808A2F195135800031A28C /* PBXContainerItemProxy */ = {
			isa = PBXContainerItemProxy;
			containerPortal = D6808A07195135800031A28C /* Project object */;
			proxyType = 1;
			remoteGlobalIDString = D6808A0E195135800031A28C;
			remoteInfo = PSTCollectionViewSample;
		};
/* End PBXContainerItemProxy section */

/* Begin PBXFileReference section */
		6FEFE9692A1D43CB83A38923 /* libPods.a */ = {isa = PBXFileReference; explicitFileType = archive.ar; includeInIndex = 0; path = libPods.a; sourceTree = BUILT_PRODUCTS_DIR; };
		7661E9906F004E33B36FD08F /* Pods.xcconfig */ = {isa = PBXFileReference; includeInIndex = 1; lastKnownFileType = text.xcconfig; name = Pods.xcconfig; path = Pods/Pods.xcconfig; sourceTree = "<group>"; };
		D660D1CD1951416B00F8F9DB /* ReorderedCollectionViewLayout.h */ = {isa = PBXFileReference; fileEncoding = 4; lastKnownFileType = sourcecode.c.h; path = ReorderedCollectionViewLayout.h; sourceTree = "<group>"; };
		D660D1CE1951416B00F8F9DB /* ReorderedCollectionViewLayout.m */ = {isa = PBXFileReference; fileEncoding = 4; lastKnownFileType = sourcecode.c.objc; path = ReorderedCollectionViewLayout.m; sourceTree = "<group>"; };
		D660D1D01951589B00F8F9DB /* Cell.h */ = {isa = PBXFileReference; fileEncoding = 4; lastKnownFileType = sourcecode.c.h; path = Cell.h; sourceTree = "<group>"; };
		D660D1D11951589B00F8F9DB /* Cell.m */ = {isa = PBXFileReference; fileEncoding = 4; lastKnownFileType = sourcecode.c.objc; path = Cell.m; sourceTree = "<group>"; };
		D6808A0F195135800031A28C /* PSTCollectionViewSample.app */ = {isa = PBXFileReference; explicitFileType = wrapper.application; includeInIndex = 0; path = PSTCollectionViewSample.app; sourceTree = BUILT_PRODUCTS_DIR; };
		D6808A12195135800031A28C /* Foundation.framework */ = {isa = PBXFileReference; lastKnownFileType = wrapper.framework; name = Foundation.framework; path = System/Library/Frameworks/Foundation.framework; sourceTree = SDKROOT; };
		D6808A14195135800031A28C /* CoreGraphics.framework */ = {isa = PBXFileReference; lastKnownFileType = wrapper.framework; name = CoreGraphics.framework; path = System/Library/Frameworks/CoreGraphics.framework; sourceTree = SDKROOT; };
		D6808A16195135800031A28C /* UIKit.framework */ = {isa = PBXFileReference; lastKnownFileType = wrapper.framework; name = UIKit.framework; path = System/Library/Frameworks/UIKit.framework; sourceTree = SDKROOT; };
		D6808A1A195135800031A28C /* PSTCollectionViewSample-Info.plist */ = {isa = PBXFileReference; lastKnownFileType = text.plist.xml; path = "PSTCollectionViewSample-Info.plist"; sourceTree = "<group>"; };
		D6808A1C195135800031A28C /* en */ = {isa = PBXFileReference; lastKnownFileType = text.plist.strings; name = en; path = en.lproj/InfoPlist.strings; sourceTree = "<group>"; };
		D6808A1E195135800031A28C /* main.m */ = {isa = PBXFileReference; lastKnownFileType = sourcecode.c.objc; path = main.m; sourceTree = "<group>"; };
		D6808A20195135800031A28C /* PSTCollectionViewSample-Prefix.pch */ = {isa = PBXFileReference; lastKnownFileType = sourcecode.c.h; path = "PSTCollectionViewSample-Prefix.pch"; sourceTree = "<group>"; };
		D6808A21195135800031A28C /* AppDelegate.h */ = {isa = PBXFileReference; lastKnownFileType = sourcecode.c.h; path = AppDelegate.h; sourceTree = "<group>"; };
		D6808A22195135800031A28C /* AppDelegate.m */ = {isa = PBXFileReference; lastKnownFileType = sourcecode.c.objc; path = AppDelegate.m; sourceTree = "<group>"; };
		D6808A24195135800031A28C /* Images.xcassets */ = {isa = PBXFileReference; lastKnownFileType = folder.assetcatalog; path = Images.xcassets; sourceTree = "<group>"; };
		D6808A2A195135800031A28C /* PSTCollectionViewSampleTests.xctest */ = {isa = PBXFileReference; explicitFileType = wrapper.cfbundle; includeInIndex = 0; path = PSTCollectionViewSampleTests.xctest; sourceTree = BUILT_PRODUCTS_DIR; };
		D6808A2B195135800031A28C /* XCTest.framework */ = {isa = PBXFileReference; lastKnownFileType = wrapper.framework; name = XCTest.framework; path = Library/Frameworks/XCTest.framework; sourceTree = DEVELOPER_DIR; };
		D6808A33195135800031A28C /* PSTCollectionViewSampleTests-Info.plist */ = {isa = PBXFileReference; lastKnownFileType = text.plist.xml; path = "PSTCollectionViewSampleTests-Info.plist"; sourceTree = "<group>"; };
		D6808A35195135800031A28C /* en */ = {isa = PBXFileReference; lastKnownFileType = text.plist.strings; name = en; path = en.lproj/InfoPlist.strings; sourceTree = "<group>"; };
		D6808A37195135800031A28C /* PSTCollectionViewSampleTests.m */ = {isa = PBXFileReference; lastKnownFileType = sourcecode.c.objc; path = PSTCollectionViewSampleTests.m; sourceTree = "<group>"; };
		D6808A41195136030031A28C /* ViewController.h */ = {isa = PBXFileReference; fileEncoding = 4; lastKnownFileType = sourcecode.c.h; path = ViewController.h; sourceTree = "<group>"; };
		D6808A42195136030031A28C /* ViewController.m */ = {isa = PBXFileReference; fileEncoding = 4; lastKnownFileType = sourcecode.c.objc; path = ViewController.m; sourceTree = "<group>"; };
/* End PBXFileReference section */

/* Begin PBXFrameworksBuildPhase section */
		D6808A0C195135800031A28C /* Frameworks */ = {
			isa = PBXFrameworksBuildPhase;
			buildActionMask = 2147483647;
			files = (
				D6808A15195135800031A28C /* CoreGraphics.framework in Frameworks */,
				D6808A17195135800031A28C /* UIKit.framework in Frameworks */,
				D6808A13195135800031A28C /* Foundation.framework in Frameworks */,
				358C65E5E56147298E8A4AF5 /* libPods.a in Frameworks */,
			);
			runOnlyForDeploymentPostprocessing = 0;
		};
		D6808A27195135800031A28C /* Frameworks */ = {
			isa = PBXFrameworksBuildPhase;
			buildActionMask = 2147483647;
			files = (
				D6808A2C195135800031A28C /* XCTest.framework in Frameworks */,
				D6808A2E195135800031A28C /* UIKit.framework in Frameworks */,
				D6808A2D195135800031A28C /* Foundation.framework in Frameworks */,
			);
			runOnlyForDeploymentPostprocessing = 0;
		};
/* End PBXFrameworksBuildPhase section */

/* Begin PBXGroup section */
		D6808A06195135800031A28C = {
			isa = PBXGroup;
			children = (
				D6808A18195135800031A28C /* PSTCollectionViewSample */,
				D6808A31195135800031A28C /* PSTCollectionViewSampleTests */,
				D6808A11195135800031A28C /* Frameworks */,
				D6808A10195135800031A28C /* Products */,
				7661E9906F004E33B36FD08F /* Pods.xcconfig */,
			);
			sourceTree = "<group>";
		};
		D6808A10195135800031A28C /* Products */ = {
			isa = PBXGroup;
			children = (
				D6808A0F195135800031A28C /* PSTCollectionViewSample.app */,
				D6808A2A195135800031A28C /* PSTCollectionViewSampleTests.xctest */,
			);
			name = Products;
			sourceTree = "<group>";
		};
		D6808A11195135800031A28C /* Frameworks */ = {
			isa = PBXGroup;
			children = (
				D6808A12195135800031A28C /* Foundation.framework */,
				D6808A14195135800031A28C /* CoreGraphics.framework */,
				D6808A16195135800031A28C /* UIKit.framework */,
				D6808A2B195135800031A28C /* XCTest.framework */,
				6FEFE9692A1D43CB83A38923 /* libPods.a */,
			);
			name = Frameworks;
			sourceTree = "<group>";
		};
		D6808A18195135800031A28C /* PSTCollectionViewSample */ = {
			isa = PBXGroup;
			children = (
				D6808A21195135800031A28C /* AppDelegate.h */,
				D6808A22195135800031A28C /* AppDelegate.m */,
				D6808A41195136030031A28C /* ViewController.h */,
				D6808A42195136030031A28C /* ViewController.m */,
				D660D1D01951589B00F8F9DB /* Cell.h */,
				D660D1D11951589B00F8F9DB /* Cell.m */,
				D660D1CD1951416B00F8F9DB /* ReorderedCollectionViewLayout.h */,
				D660D1CE1951416B00F8F9DB /* ReorderedCollectionViewLayout.m */,
				D6808A24195135800031A28C /* Images.xcassets */,
				D6808A19195135800031A28C /* Supporting Files */,
			);
			path = PSTCollectionViewSample;
			sourceTree = "<group>";
		};
		D6808A19195135800031A28C /* Supporting Files */ = {
			isa = PBXGroup;
			children = (
				D6808A1A195135800031A28C /* PSTCollectionViewSample-Info.plist */,
				D6808A1B195135800031A28C /* InfoPlist.strings */,
				D6808A1E195135800031A28C /* main.m */,
				D6808A20195135800031A28C /* PSTCollectionViewSample-Prefix.pch */,
			);
			name = "Supporting Files";
			sourceTree = "<group>";
		};
		D6808A31195135800031A28C /* PSTCollectionViewSampleTests */ = {
			isa = PBXGroup;
			children = (
				D6808A37195135800031A28C /* PSTCollectionViewSampleTests.m */,
				D6808A32195135800031A28C /* Supporting Files */,
			);
			path = PSTCollectionViewSampleTests;
			sourceTree = "<group>";
		};
		D6808A32195135800031A28C /* Supporting Files */ = {
			isa = PBXGroup;
			children = (
				D6808A33195135800031A28C /* PSTCollectionViewSampleTests-Info.plist */,
				D6808A34195135800031A28C /* InfoPlist.strings */,
			);
			name = "Supporting Files";
			sourceTree = "<group>";
		};
/* End PBXGroup section */

/* Begin PBXNativeTarget section */
		D6808A0E195135800031A28C /* PSTCollectionViewSample */ = {
			isa = PBXNativeTarget;
			buildConfigurationList = D6808A3B195135800031A28C /* Build configuration list for PBXNativeTarget "PSTCollectionViewSample" */;
			buildPhases = (
				732DD4225F1E468B95A66FB9 /* Check Pods Manifest.lock */,
				D6808A0B195135800031A28C /* Sources */,
				D6808A0C195135800031A28C /* Frameworks */,
				D6808A0D195135800031A28C /* Resources */,
				71BDF2464DE6421694874343 /* Copy Pods Resources */,
			);
			buildRules = (
			);
			dependencies = (
			);
			name = PSTCollectionViewSample;
			productName = PSTCollectionViewSample;
			productReference = D6808A0F195135800031A28C /* PSTCollectionViewSample.app */;
			productType = "com.apple.product-type.application";
		};
		D6808A29195135800031A28C /* PSTCollectionViewSampleTests */ = {
			isa = PBXNativeTarget;
			buildConfigurationList = D6808A3E195135800031A28C /* Build configuration list for PBXNativeTarget "PSTCollectionViewSampleTests" */;
			buildPhases = (
				D6808A26195135800031A28C /* Sources */,
				D6808A27195135800031A28C /* Frameworks */,
				D6808A28195135800031A28C /* Resources */,
			);
			buildRules = (
			);
			dependencies = (
				D6808A30195135800031A28C /* PBXTargetDependency */,
			);
			name = PSTCollectionViewSampleTests;
			productName = PSTCollectionViewSampleTests;
			productReference = D6808A2A195135800031A28C /* PSTCollectionViewSampleTests.xctest */;
			productType = "com.apple.product-type.bundle.unit-test";
		};
/* End PBXNativeTarget section */

/* Begin PBXProject section */
		D6808A07195135800031A28C /* Project object */ = {
			isa = PBXProject;
			attributes = {
				LastUpgradeCheck = 0510;
				ORGANIZATIONNAME = "Yoshiki Kurihara";
				TargetAttributes = {
					D6808A29195135800031A28C = {
						TestTargetID = D6808A0E195135800031A28C;
					};
				};
			};
			buildConfigurationList = D6808A0A195135800031A28C /* Build configuration list for PBXProject "PSTCollectionViewSample" */;
			compatibilityVersion = "Xcode 3.2";
			developmentRegion = English;
			hasScannedForEncodings = 0;
			knownRegions = (
				en,
			);
			mainGroup = D6808A06195135800031A28C;
			productRefGroup = D6808A10195135800031A28C /* Products */;
			projectDirPath = "";
			projectRoot = "";
			targets = (
				D6808A0E195135800031A28C /* PSTCollectionViewSample */,
				D6808A29195135800031A28C /* PSTCollectionViewSampleTests */,
			);
		};
/* End PBXProject section */

/* Begin PBXResourcesBuildPhase section */
		D6808A0D195135800031A28C /* Resources */ = {
			isa = PBXResourcesBuildPhase;
			buildActionMask = 2147483647;
			files = (
				D6808A1D195135800031A28C /* InfoPlist.strings in Resources */,
				D6808A25195135800031A28C /* Images.xcassets in Resources */,
			);
			runOnlyForDeploymentPostprocessing = 0;
		};
		D6808A28195135800031A28C /* Resources */ = {
			isa = PBXResourcesBuildPhase;
			buildActionMask = 2147483647;
			files = (
				D6808A36195135800031A28C /* InfoPlist.strings in Resources */,
			);
			runOnlyForDeploymentPostprocessing = 0;
		};
/* End PBXResourcesBuildPhase section */

/* Begin PBXShellScriptBuildPhase section */
		71BDF2464DE6421694874343 /* Copy Pods Resources */ = {
			isa = PBXShellScriptBuildPhase;
			buildActionMask = 2147483647;
			files = (
			);
			inputPaths = (
			);
			name = "Copy Pods Resources";
			outputPaths = (
			);
			runOnlyForDeploymentPostprocessing = 0;
			shellPath = /bin/sh;
			shellScript = "\"${SRCROOT}/Pods/Pods-resources.sh\"\n";
			showEnvVarsInLog = 0;
		};
		732DD4225F1E468B95A66FB9 /* Check Pods Manifest.lock */ = {
			isa = PBXShellScriptBuildPhase;
			buildActionMask = 2147483647;
			files = (
			);
			inputPaths = (
			);
			name = "Check Pods Manifest.lock";
			outputPaths = (
			);
			runOnlyForDeploymentPostprocessing = 0;
			shellPath = /bin/sh;
			shellScript = "diff \"${PODS_ROOT}/../Podfile.lock\" \"${PODS_ROOT}/Manifest.lock\" > /dev/null\nif [[ $? != 0 ]] ; then\n    cat << EOM\nerror: The sandbox is not in sync with the Podfile.lock. Run 'pod install' or update your CocoaPods installation.\nEOM\n    exit 1\nfi\n";
			showEnvVarsInLog = 0;
		};
/* End PBXShellScriptBuildPhase section */

/* Begin PBXSourcesBuildPhase section */
		D6808A0B195135800031A28C /* Sources */ = {
			isa = PBXSourcesBuildPhase;
			buildActionMask = 2147483647;
			files = (
				D660D1D21951589B00F8F9DB /* Cell.m in Sources */,
				D6808A43195136030031A28C /* ViewController.m in Sources */,
				D6808A23195135800031A28C /* AppDelegate.m in Sources */,
				D6808A1F195135800031A28C /* main.m in Sources */,
				D660D1CF1951416B00F8F9DB /* ReorderedCollectionViewLayout.m in Sources */,
			);
			runOnlyForDeploymentPostprocessing = 0;
		};
		D6808A26195135800031A28C /* Sources */ = {
			isa = PBXSourcesBuildPhase;
			buildActionMask = 2147483647;
			files = (
				D6808A38195135800031A28C /* PSTCollectionViewSampleTests.m in Sources */,
			);
			runOnlyForDeploymentPostprocessing = 0;
		};
/* End PBXSourcesBuildPhase section */

/* Begin PBXTargetDependency section */
		D6808A30195135800031A28C /* PBXTargetDependency */ = {
			isa = PBXTargetDependency;
			target = D6808A0E195135800031A28C /* PSTCollectionViewSample */;
			targetProxy = D6808A2F195135800031A28C /* PBXContainerItemProxy */;
		};
/* End PBXTargetDependency section */

/* Begin PBXVariantGroup section */
		D6808A1B195135800031A28C /* InfoPlist.strings */ = {
			isa = PBXVariantGroup;
			children = (
				D6808A1C195135800031A28C /* en */,
			);
			name = InfoPlist.strings;
			sourceTree = "<group>";
		};
		D6808A34195135800031A28C /* InfoPlist.strings */ = {
			isa = PBXVariantGroup;
			children = (
				D6808A35195135800031A28C /* en */,
			);
			name = InfoPlist.strings;
			sourceTree = "<group>";
		};
/* End PBXVariantGroup section */

/* Begin XCBuildConfiguration section */
		D6808A39195135800031A28C /* Debug */ = {
			isa = XCBuildConfiguration;
			buildSettings = {
				ALWAYS_SEARCH_USER_PATHS = NO;
				CLANG_CXX_LANGUAGE_STANDARD = "gnu++0x";
				CLANG_CXX_LIBRARY = "libc++";
				CLANG_ENABLE_MODULES = YES;
				CLANG_ENABLE_OBJC_ARC = YES;
				CLANG_WARN_BOOL_CONVERSION = YES;
				CLANG_WARN_CONSTANT_CONVERSION = YES;
				CLANG_WARN_DIRECT_OBJC_ISA_USAGE = YES_ERROR;
				CLANG_WARN_EMPTY_BODY = YES;
				CLANG_WARN_ENUM_CONVERSION = YES;
				CLANG_WARN_INT_CONVERSION = YES;
				CLANG_WARN_OBJC_ROOT_CLASS = YES_ERROR;
				CLANG_WARN__DUPLICATE_METHOD_MATCH = YES;
				"CODE_SIGN_IDENTITY[sdk=iphoneos*]" = "iPhone Developer";
				COPY_PHASE_STRIP = NO;
				GCC_C_LANGUAGE_STANDARD = gnu99;
				GCC_DYNAMIC_NO_PIC = NO;
				GCC_OPTIMIZATION_LEVEL = 0;
				GCC_PREPROCESSOR_DEFINITIONS = (
					"DEBUG=1",
					"$(inherited)",
				);
				GCC_SYMBOLS_PRIVATE_EXTERN = NO;
				GCC_WARN_64_TO_32_BIT_CONVERSION = YES;
				GCC_WARN_ABOUT_RETURN_TYPE = YES_ERROR;
				GCC_WARN_UNDECLARED_SELECTOR = YES;
				GCC_WARN_UNINITIALIZED_AUTOS = YES_AGGRESSIVE;
				GCC_WARN_UNUSED_FUNCTION = YES;
				GCC_WARN_UNUSED_VARIABLE = YES;
				IPHONEOS_DEPLOYMENT_TARGET = 7.1;
				ONLY_ACTIVE_ARCH = YES;
				SDKROOT = iphoneos;
			};
			name = Debug;
		};
		D6808A3A195135800031A28C /* Release */ = {
			isa = XCBuildConfiguration;
			buildSettings = {
				ALWAYS_SEARCH_USER_PATHS = NO;
				CLANG_CXX_LANGUAGE_STANDARD = "gnu++0x";
				CLANG_CXX_LIBRARY = "libc++";
				CLANG_ENABLE_MODULES = YES;
				CLANG_ENABLE_OBJC_ARC = YES;
				CLANG_WARN_BOOL_CONVERSION = YES;
				CLANG_WARN_CONSTANT_CONVERSION = YES;
				CLANG_WARN_DIRECT_OBJC_ISA_USAGE = YES_ERROR;
				CLANG_WARN_EMPTY_BODY = YES;
				CLANG_WARN_ENUM_CONVERSION = YES;
				CLANG_WARN_INT_CONVERSION = YES;
				CLANG_WARN_OBJC_ROOT_CLASS = YES_ERROR;
				CLANG_WARN__DUPLICATE_METHOD_MATCH = YES;
				"CODE_SIGN_IDENTITY[sdk=iphoneos*]" = "iPhone Developer";
				COPY_PHASE_STRIP = YES;
				ENABLE_NS_ASSERTIONS = NO;
				GCC_C_LANGUAGE_STANDARD = gnu99;
				GCC_WARN_64_TO_32_BIT_CONVERSION = YES;
				GCC_WARN_ABOUT_RETURN_TYPE = YES_ERROR;
				GCC_WARN_UNDECLARED_SELECTOR = YES;
				GCC_WARN_UNINITIALIZED_AUTOS = YES_AGGRESSIVE;
				GCC_WARN_UNUSED_FUNCTION = YES;
				GCC_WARN_UNUSED_VARIABLE = YES;
				IPHONEOS_DEPLOYMENT_TARGET = 7.1;
				SDKROOT = iphoneos;
				VALIDATE_PRODUCT = YES;
			};
			name = Release;
		};
		D6808A3C195135800031A28C /* Debug */ = {
			isa = XCBuildConfiguration;
			baseConfigurationReference = 7661E9906F004E33B36FD08F /* Pods.xcconfig */;
			buildSettings = {
				ARCHS = (
					"$(ARCHS_STANDARD)",
					"$(ARCHS_STANDARD_32_BIT)",
				);
				ASSETCATALOG_COMPILER_APPICON_NAME = AppIcon;
				ASSETCATALOG_COMPILER_LAUNCHIMAGE_NAME = LaunchImage;
				GCC_PRECOMPILE_PREFIX_HEADER = YES;
				GCC_PREFIX_HEADER = "PSTCollectionViewSample/PSTCollectionViewSample-Prefix.pch";
				INFOPLIST_FILE = "PSTCollectionViewSample/PSTCollectionViewSample-Info.plist";
				IPHONEOS_DEPLOYMENT_TARGET = 5.0;
				ONLY_ACTIVE_ARCH = YES;
				PRODUCT_NAME = "$(TARGET_NAME)";
				PROVISIONING_PROFILE = "135A82B1-D792-40F8-A0E5-7C82A529C472";
				VALID_ARCHS = "armv7 armv7s";
				WRAPPER_EXTENSION = app;
			};
			name = Debug;
		};
		D6808A3D195135800031A28C /* Release */ = {
			isa = XCBuildConfiguration;
			baseConfigurationReference = 7661E9906F004E33B36FD08F /* Pods.xcconfig */;
			buildSettings = {
				ARCHS = (
					"$(ARCHS_STANDARD)",
					"$(ARCHS_STANDARD_32_BIT)",
				);
				ASSETCATALOG_COMPILER_APPICON_NAME = AppIcon;
				ASSETCATALOG_COMPILER_LAUNCHIMAGE_NAME = LaunchImage;
				GCC_PRECOMPILE_PREFIX_HEADER = YES;
				GCC_PREFIX_HEADER = "PSTCollectionViewSample/PSTCollectionViewSample-Prefix.pch";
				INFOPLIST_FILE = "PSTCollectionViewSample/PSTCollectionViewSample-Info.plist";
				IPHONEOS_DEPLOYMENT_TARGET = 5.0;
				PRODUCT_NAME = "$(TARGET_NAME)";
				PROVISIONING_PROFILE = "135A82B1-D792-40F8-A0E5-7C82A529C472";
				VALID_ARCHS = "armv7 armv7s";
				WRAPPER_EXTENSION = app;
			};
			name = Release;
		};
		D6808A3F195135800031A28C /* Debug */ = {
			isa = XCBuildConfiguration;
			buildSettings = {
				BUNDLE_LOADER = "$(BUILT_PRODUCTS_DIR)/PSTCollectionViewSample.app/PSTCollectionViewSample";
				FRAMEWORK_SEARCH_PATHS = (
					"$(SDKROOT)/Developer/Library/Frameworks",
					"$(inherited)",
					"$(DEVELOPER_FRAMEWORKS_DIR)",
				);
				GCC_PRECOMPILE_PREFIX_HEADER = YES;
				GCC_PREFIX_HEADER = "PSTCollectionViewSample/PSTCollectionViewSample-Prefix.pch";
				GCC_PREPROCESSOR_DEFINITIONS = (
					"DEBUG=1",
					"$(inherited)",
				);
				INFOPLIST_FILE = "PSTCollectionViewSampleTests/PSTCollectionViewSampleTests-Info.plist";
				PRODUCT_NAME = "$(TARGET_NAME)";
				TEST_HOST = "$(BUNDLE_LOADER)";
				WRAPPER_EXTENSION = xctest;
			};
			name = Debug;
		};
		D6808A40195135800031A28C /* Release */ = {
			isa = XCBuildConfiguration;
			buildSettings = {
				BUNDLE_LOADER = "$(BUILT_PRODUCTS_DIR)/PSTCollectionViewSample.app/PSTCollectionViewSample";
				FRAMEWORK_SEARCH_PATHS = (
					"$(SDKROOT)/Developer/Library/Frameworks",
					"$(inherited)",
					"$(DEVELOPER_FRAMEWORKS_DIR)",
				);
				GCC_PRECOMPILE_PREFIX_HEADER = YES;
				GCC_PREFIX_HEADER = "PSTCollectionViewSample/PSTCollectionViewSample-Prefix.pch";
				INFOPLIST_FILE = "PSTCollectionViewSampleTests/PSTCollectionViewSampleTests-Info.plist";
				PRODUCT_NAME = "$(TARGET_NAME)";
				TEST_HOST = "$(BUNDLE_LOADER)";
				WRAPPER_EXTENSION = xctest;
			};
			name = Release;
		};
/* End XCBuildConfiguration section */

/* Begin XCConfigurationList section */
		D6808A0A195135800031A28C /* Build configuration list for PBXProject "PSTCollectionViewSample" */ = {
			isa = XCConfigurationList;
			buildConfigurations = (
				D6808A39195135800031A28C /* Debug */,
				D6808A3A195135800031A28C /* Release */,
			);
			defaultConfigurationIsVisible = 0;
			defaultConfigurationName = Release;
		};
		D6808A3B195135800031A28C /* Build configuration list for PBXNativeTarget "PSTCollectionViewSample" */ = {
			isa = XCConfigurationList;
			buildConfigurations = (
				D6808A3C195135800031A28C /* Debug */,
				D6808A3D195135800031A28C /* Release */,
			);
			defaultConfigurationIsVisible = 0;
			defaultConfigurationName = Release;
		};
		D6808A3E195135800031A28C /* Build configuration list for PBXNativeTarget "PSTCollectionViewSampleTests" */ = {
			isa = XCConfigurationList;
			buildConfigurations = (
				D6808A3F195135800031A28C /* Debug */,
				D6808A40195135800031A28C /* Release */,
			);
			defaultConfigurationIsVisible = 0;
			defaultConfigurationName = Release;
		};
/* End XCConfigurationList section */
	};
	rootObject = D6808A07195135800031A28C /* Project object */;
}
